// !$*UTF8*$!
{
	archiveVersion = 1;
	classes = {
	};
	objectVersion = 55;
	objects = {

/* Begin PBXBuildFile section */
		754E98122782E80400CB579B /* AppDelegate.swift in Sources */ = {isa = PBXBuildFile; fileRef = 754E98112782E80400CB579B /* AppDelegate.swift */; };
		754E98142782E80400CB579B /* SceneDelegate.swift in Sources */ = {isa = PBXBuildFile; fileRef = 754E98132782E80400CB579B /* SceneDelegate.swift */; };
		754E98162782E80400CB579B /* ViewController.swift in Sources */ = {isa = PBXBuildFile; fileRef = 754E98152782E80400CB579B /* ViewController.swift */; };
		754E98192782E80400CB579B /* Main.storyboard in Resources */ = {isa = PBXBuildFile; fileRef = 754E98172782E80400CB579B /* Main.storyboard */; };
		754E981B2782E80500CB579B /* Assets.xcassets in Resources */ = {isa = PBXBuildFile; fileRef = 754E981A2782E80500CB579B /* Assets.xcassets */; };
		754E981E2782E80500CB579B /* LaunchScreen.storyboard in Resources */ = {isa = PBXBuildFile; fileRef = 754E981C2782E80500CB579B /* LaunchScreen.storyboard */; };
		754E98282782E96400CB579B /* UIDiffableDataSourceCollectionViewCell.swift in Sources */ = {isa = PBXBuildFile; fileRef = 754E98262782E96400CB579B /* UIDiffableDataSourceCollectionViewCell.swift */; };
		754E98292782E96400CB579B /* UIDiffableDataSourceCollectionViewCell.xib in Resources */ = {isa = PBXBuildFile; fileRef = 754E98272782E96400CB579B /* UIDiffableDataSourceCollectionViewCell.xib */; };
/* End PBXBuildFile section */

/* Begin PBXFileReference section */
		754E980E2782E80400CB579B /* UICollectionViewDiffableDataSourceChangeDataSource.app */ = {isa = PBXFileReference; explicitFileType = wrapper.application; includeInIndex = 0; path = UICollectionViewDiffableDataSourceChangeDataSource.app; sourceTree = BUILT_PRODUCTS_DIR; };
		754E98112782E80400CB579B /* AppDelegate.swift */ = {isa = PBXFileReference; lastKnownFileType = sourcecode.swift; path = AppDelegate.swift; sourceTree = "<group>"; };
		754E98132782E80400CB579B /* SceneDelegate.swift */ = {isa = PBXFileReference; lastKnownFileType = sourcecode.swift; path = SceneDelegate.swift; sourceTree = "<group>"; };
		754E98152782E80400CB579B /* ViewController.swift */ = {isa = PBXFileReference; lastKnownFileType = sourcecode.swift; path = ViewController.swift; sourceTree = "<group>"; };
		754E98182782E80400CB579B /* Base */ = {isa = PBXFileReference; lastKnownFileType = file.storyboard; name = Base; path = Base.lproj/Main.storyboard; sourceTree = "<group>"; };
		754E981A2782E80500CB579B /* Assets.xcassets */ = {isa = PBXFileReference; lastKnownFileType = folder.assetcatalog; path = Assets.xcassets; sourceTree = "<group>"; };
		754E981D2782E80500CB579B /* Base */ = {isa = PBXFileReference; lastKnownFileType = file.storyboard; name = Base; path = Base.lproj/LaunchScreen.storyboard; sourceTree = "<group>"; };
		754E981F2782E80500CB579B /* Info.plist */ = {isa = PBXFileReference; lastKnownFileType = text.plist.xml; path = Info.plist; sourceTree = "<group>"; };
		754E98262782E96400CB579B /* UIDiffableDataSourceCollectionViewCell.swift */ = {isa = PBXFileReference; lastKnownFileType = sourcecode.swift; path = UIDiffableDataSourceCollectionViewCell.swift; sourceTree = "<group>"; };
		754E98272782E96400CB579B /* UIDiffableDataSourceCollectionViewCell.xib */ = {isa = PBXFileReference; lastKnownFileType = file.xib; path = UIDiffableDataSourceCollectionViewCell.xib; sourceTree = "<group>"; };
/* End PBXFileReference section */

/* Begin PBXFrameworksBuildPhase section */
		754E980B2782E80400CB579B /* Frameworks */ = {
			isa = PBXFrameworksBuildPhase;
			buildActionMask = 2147483647;
			files = (
			);
			runOnlyForDeploymentPostprocessing = 0;
		};
/* End PBXFrameworksBuildPhase section */

/* Begin PBXGroup section */
		754E98052782E80400CB579B = {
			isa = PBXGroup;
			children = (
				754E98102782E80400CB579B /* UICollectionViewDiffableDataSourceChangeDataSource */,
				754E980F2782E80400CB579B /* Products */,
			);
			sourceTree = "<group>";
		};
		754E980F2782E80400CB579B /* Products */ = {
			isa = PBXGroup;
			children = (
				754E980E2782E80400CB579B /* UICollectionViewDiffableDataSourceChangeDataSource.app */,
			);
			name = Products;
			sourceTree = "<group>";
		};
		754E98102782E80400CB579B /* UICollectionViewDiffableDataSourceChangeDataSource */ = {
			isa = PBXGroup;
			children = (
				754E98112782E80400CB579B /* AppDelegate.swift */,
				754E98132782E80400CB579B /* SceneDelegate.swift */,
				754E98152782E80400CB579B /* ViewController.swift */,
				754E98172782E80400CB579B /* Main.storyboard */,
				754E98252782E92F00CB579B /* Cell */,
				754E981A2782E80500CB579B /* Assets.xcassets */,
				754E981C2782E80500CB579B /* LaunchScreen.storyboard */,
				754E981F2782E80500CB579B /* Info.plist */,
			);
			path = UICollectionViewDiffableDataSourceChangeDataSource;
			sourceTree = "<group>";
		};
		754E98252782E92F00CB579B /* Cell */ = {
			isa = PBXGroup;
			children = (
				754E98262782E96400CB579B /* UIDiffableDataSourceCollectionViewCell.swift */,
				754E98272782E96400CB579B /* UIDiffableDataSourceCollectionViewCell.xib */,
			);
			path = Cell;
			sourceTree = "<group>";
		};
/* End PBXGroup section */

/* Begin PBXNativeTarget section */
		754E980D2782E80400CB579B /* UICollectionViewDiffableDataSourceChangeDataSource */ = {
			isa = PBXNativeTarget;
			buildConfigurationList = 754E98222782E80500CB579B /* Build configuration list for PBXNativeTarget "UICollectionViewDiffableDataSourceChangeDataSource" */;
			buildPhases = (
				754E980A2782E80400CB579B /* Sources */,
				754E980B2782E80400CB579B /* Frameworks */,
				754E980C2782E80400CB579B /* Resources */,
			);
			buildRules = (
			);
			dependencies = (
			);
			name = UICollectionViewDiffableDataSourceChangeDataSource;
			productName = UICollectionViewDiffableDataSourceChangeDataSource;
			productReference = 754E980E2782E80400CB579B /* UICollectionViewDiffableDataSourceChangeDataSource.app */;
			productType = "com.apple.product-type.application";
		};
/* End PBXNativeTarget section */

/* Begin PBXProject section */
		754E98062782E80400CB579B /* Project object */ = {
			isa = PBXProject;
			attributes = {
				BuildIndependentTargetsInParallel = 1;
				LastSwiftUpdateCheck = 1310;
				LastUpgradeCheck = 1310;
				TargetAttributes = {
					754E980D2782E80400CB579B = {
						CreatedOnToolsVersion = 13.1;
					};
				};
			};
			buildConfigurationList = 754E98092782E80400CB579B /* Build configuration list for PBXProject "UICollectionViewDiffableDataSourceChangeDataSource" */;
			compatibilityVersion = "Xcode 13.0";
			developmentRegion = en;
			hasScannedForEncodings = 0;
			knownRegions = (
				en,
				Base,
			);
			mainGroup = 754E98052782E80400CB579B;
			productRefGroup = 754E980F2782E80400CB579B /* Products */;
			projectDirPath = "";
			projectRoot = "";
			targets = (
				754E980D2782E80400CB579B /* UICollectionViewDiffableDataSourceChangeDataSource */,
			);
		};
/* End PBXProject section */

/* Begin PBXResourcesBuildPhase section */
		754E980C2782E80400CB579B /* Resources */ = {
			isa = PBXResourcesBuildPhase;
			buildActionMask = 2147483647;
			files = (
				754E98292782E96400CB579B /* UIDiffableDataSourceCollectionViewCell.xib in Resources */,
				754E981E2782E80500CB579B /* LaunchScreen.storyboard in Resources */,
				754E981B2782E80500CB579B /* Assets.xcassets in Resources */,
				754E98192782E80400CB579B /* Main.storyboard in Resources */,
			);
			runOnlyForDeploymentPostprocessing = 0;
		};
/* End PBXResourcesBuildPhase section */

/* Begin PBXSourcesBuildPhase section */
		754E980A2782E80400CB579B /* Sources */ = {
			isa = PBXSourcesBuildPhase;
			buildActionMask = 2147483647;
			files = (
				754E98282782E96400CB579B /* UIDiffableDataSourceCollectionViewCell.swift in Sources */,
				754E98162782E80400CB579B /* ViewController.swift in Sources */,
				754E98122782E80400CB579B /* AppDelegate.swift in Sources */,
				754E98142782E80400CB579B /* SceneDelegate.swift in Sources */,
			);
			runOnlyForDeploymentPostprocessing = 0;
		};
/* End PBXSourcesBuildPhase section */

/* Begin PBXVariantGroup section */
		754E98172782E80400CB579B /* Main.storyboard */ = {
			isa = PBXVariantGroup;
			children = (
				754E98182782E80400CB579B /* Base */,
			);
			name = Main.storyboard;
			sourceTree = "<group>";
		};
		754E981C2782E80500CB579B /* LaunchScreen.storyboard */ = {
			isa = PBXVariantGroup;
			children = (
				754E981D2782E80500CB579B /* Base */,
			);
			name = LaunchScreen.storyboard;
			sourceTree = "<group>";
		};
/* End PBXVariantGroup section */

/* Begin XCBuildConfiguration section */
		754E98202782E80500CB579B /* Debug */ = {
			isa = XCBuildConfiguration;
			buildSettings = {
				ALWAYS_SEARCH_USER_PATHS = NO;
				CLANG_ANALYZER_NONNULL = YES;
				CLANG_ANALYZER_NUMBER_OBJECT_CONVERSION = YES_AGGRESSIVE;
				CLANG_CXX_LANGUAGE_STANDARD = "gnu++17";
				CLANG_CXX_LIBRARY = "libc++";
				CLANG_ENABLE_MODULES = YES;
				CLANG_ENABLE_OBJC_ARC = YES;
				CLANG_ENABLE_OBJC_WEAK = YES;
				CLANG_WARN_BLOCK_CAPTURE_AUTORELEASING = YES;
				CLANG_WARN_BOOL_CONVERSION = YES;
				CLANG_WARN_COMMA = YES;
				CLANG_WARN_CONSTANT_CONVERSION = YES;
				CLANG_WARN_DEPRECATED_OBJC_IMPLEMENTATIONS = YES;
				CLANG_WARN_DIRECT_OBJC_ISA_USAGE = YES_ERROR;
				CLANG_WARN_DOCUMENTATION_COMMENTS = YES;
				CLANG_WARN_EMPTY_BODY = YES;
				CLANG_WARN_ENUM_CONVERSION = YES;
				CLANG_WARN_INFINITE_RECURSION = YES;
				CLANG_WARN_INT_CONVERSION = YES;
				CLANG_WARN_NON_LITERAL_NULL_CONVERSION = YES;
				CLANG_WARN_OBJC_IMPLICIT_RETAIN_SELF = YES;
				CLANG_WARN_OBJC_LITERAL_CONVERSION = YES;
				CLANG_WARN_OBJC_ROOT_CLASS = YES_ERROR;
				CLANG_WARN_QUOTED_INCLUDE_IN_FRAMEWORK_HEADER = YES;
				CLANG_WARN_RANGE_LOOP_ANALYSIS = YES;
				CLANG_WARN_STRICT_PROTOTYPES = YES;
				CLANG_WARN_SUSPICIOUS_MOVE = YES;
				CLANG_WARN_UNGUARDED_AVAILABILITY = YES_AGGRESSIVE;
				CLANG_WARN_UNREACHABLE_CODE = YES;
				CLANG_WARN__DUPLICATE_METHOD_MATCH = YES;
				COPY_PHASE_STRIP = NO;
				DEBUG_INFORMATION_FORMAT = dwarf;
				ENABLE_STRICT_OBJC_MSGSEND = YES;
				ENABLE_TESTABILITY = YES;
				GCC_C_LANGUAGE_STANDARD = gnu11;
				GCC_DYNAMIC_NO_PIC = NO;
				GCC_NO_COMMON_BLOCKS = YES;
				GCC_OPTIMIZATION_LEVEL = 0;
				GCC_PREPROCESSOR_DEFINITIONS = (
					"DEBUG=1",
					"$(inherited)",
				);
				GCC_WARN_64_TO_32_BIT_CONVERSION = YES;
				GCC_WARN_ABOUT_RETURN_TYPE = YES_ERROR;
				GCC_WARN_UNDECLARED_SELECTOR = YES;
				GCC_WARN_UNINITIALIZED_AUTOS = YES_AGGRESSIVE;
				GCC_WARN_UNUSED_FUNCTION = YES;
				GCC_WARN_UNUSED_VARIABLE = YES;
				IPHONEOS_DEPLOYMENT_TARGET = 15.0;
				MTL_ENABLE_DEBUG_INFO = INCLUDE_SOURCE;
				MTL_FAST_MATH = YES;
				ONLY_ACTIVE_ARCH = YES;
				SDKROOT = iphoneos;
				SWIFT_ACTIVE_COMPILATION_CONDITIONS = DEBUG;
				SWIFT_OPTIMIZATION_LEVEL = "-Onone";
			};
			name = Debug;
		};
		754E98212782E80500CB579B /* Release */ = {
			isa = XCBuildConfiguration;
			buildSettings = {
				ALWAYS_SEARCH_USER_PATHS = NO;
				CLANG_ANALYZER_NONNULL = YES;
				CLANG_ANALYZER_NUMBER_OBJECT_CONVERSION = YES_AGGRESSIVE;
				CLANG_CXX_LANGUAGE_STANDARD = "gnu++17";
				CLANG_CXX_LIBRARY = "libc++";
				CLANG_ENABLE_MODULES = YES;
				CLANG_ENABLE_OBJC_ARC = YES;
				CLANG_ENABLE_OBJC_WEAK = YES;
				CLANG_WARN_BLOCK_CAPTURE_AUTORELEASING = YES;
				CLANG_WARN_BOOL_CONVERSION = YES;
				CLANG_WARN_COMMA = YES;
				CLANG_WARN_CONSTANT_CONVERSION = YES;
				CLANG_WARN_DEPRECATED_OBJC_IMPLEMENTATIONS = YES;
				CLANG_WARN_DIRECT_OBJC_ISA_USAGE = YES_ERROR;
				CLANG_WARN_DOCUMENTATION_COMMENTS = YES;
				CLANG_WARN_EMPTY_BODY = YES;
				CLANG_WARN_ENUM_CONVERSION = YES;
				CLANG_WARN_INFINITE_RECURSION = YES;
				CLANG_WARN_INT_CONVERSION = YES;
				CLANG_WARN_NON_LITERAL_NULL_CONVERSION = YES;
				CLANG_WARN_OBJC_IMPLICIT_RETAIN_SELF = YES;
				CLANG_WARN_OBJC_LITERAL_CONVERSION = YES;
				CLANG_WARN_OBJC_ROOT_CLASS = YES_ERROR;
				CLANG_WARN_QUOTED_INCLUDE_IN_FRAMEWORK_HEADER = YES;
				CLANG_WARN_RANGE_LOOP_ANALYSIS = YES;
				CLANG_WARN_STRICT_PROTOTYPES = YES;
				CLANG_WARN_SUSPICIOUS_MOVE = YES;
				CLANG_WARN_UNGUARDED_AVAILABILITY = YES_AGGRESSIVE;
				CLANG_WARN_UNREACHABLE_CODE = YES;
				CLANG_WARN__DUPLICATE_METHOD_MATCH = YES;
				COPY_PHASE_STRIP = NO;
				DEBUG_INFORMATION_FORMAT = "dwarf-with-dsym";
				ENABLE_NS_ASSERTIONS = NO;
				ENABLE_STRICT_OBJC_MSGSEND = YES;
				GCC_C_LANGUAGE_STANDARD = gnu11;
				GCC_NO_COMMON_BLOCKS = YES;
				GCC_WARN_64_TO_32_BIT_CONVERSION = YES;
				GCC_WARN_ABOUT_RETURN_TYPE = YES_ERROR;
				GCC_WARN_UNDECLARED_SELECTOR = YES;
				GCC_WARN_UNINITIALIZED_AUTOS = YES_AGGRESSIVE;
				GCC_WARN_UNUSED_FUNCTION = YES;
				GCC_WARN_UNUSED_VARIABLE = YES;
				IPHONEOS_DEPLOYMENT_TARGET = 15.0;
				MTL_ENABLE_DEBUG_INFO = NO;
				MTL_FAST_MATH = YES;
				SDKROOT = iphoneos;
				SWIFT_COMPILATION_MODE = wholemodule;
				SWIFT_OPTIMIZATION_LEVEL = "-O";
				VALIDATE_PRODUCT = YES;
			};
			name = Release;
		};
		754E98232782E80500CB579B /* Debug */ = {
			isa = XCBuildConfiguration;
			buildSettings = {
				ASSETCATALOG_COMPILER_APPICON_NAME = AppIcon;
				ASSETCATALOG_COMPILER_GLOBAL_ACCENT_COLOR_NAME = AccentColor;
				CODE_SIGN_STYLE = Automatic;
				CURRENT_PROJECT_VERSION = 1;
				DEVELOPMENT_TEAM = N53995CJPD;
				GENERATE_INFOPLIST_FILE = YES;
				INFOPLIST_FILE = UICollectionViewDiffableDataSourceChangeDataSource/Info.plist;
				INFOPLIST_KEY_UIApplicationSupportsIndirectInputEvents = YES;
				INFOPLIST_KEY_UILaunchStoryboardName = LaunchScreen;
				INFOPLIST_KEY_UIMainStoryboardFile = Main;
				INFOPLIST_KEY_UISupportedInterfaceOrientations_iPad = "UIInterfaceOrientationPortrait UIInterfaceOrientationPortraitUpsideDown UIInterfaceOrientationLandscapeLeft UIInterfaceOrientationLandscapeRight";
				INFOPLIST_KEY_UISupportedInterfaceOrientations_iPhone = "UIInterfaceOrientationPortrait UIInterfaceOrientationLandscapeLeft UIInterfaceOrientationLandscapeRight";
				LD_RUNPATH_SEARCH_PATHS = (
					"$(inherited)",
					"@executable_path/Frameworks",
				);
				MARKETING_VERSION = 1.0;
				PRODUCT_BUNDLE_IDENTIFIER = com.tatsuo.UICollectionViewDiffableDataSourceChangeDataSource;
				PRODUCT_NAME = "$(TARGET_NAME)";
				SWIFT_EMIT_LOC_STRINGS = YES;
				SWIFT_VERSION = 5.0;
				TARGETED_DEVICE_FAMILY = "1,2";
			};
			name = Debug;
		};
		754E98242782E80500CB579B /* Release */ = {
			isa = XCBuildConfiguration;
			buildSettings = {
				ASSETCATALOG_COMPILER_APPICON_NAME = AppIcon;
				ASSETCATALOG_COMPILER_GLOBAL_ACCENT_COLOR_NAME = AccentColor;
				CODE_SIGN_STYLE = Automatic;
				CURRENT_PROJECT_VERSION = 1;
				DEVELOPMENT_TEAM = N53995CJPD;
				GENERATE_INFOPLIST_FILE = YES;
				INFOPLIST_FILE = UICollectionViewDiffableDataSourceChangeDataSource/Info.plist;
				INFOPLIST_KEY_UIApplicationSupportsIndirectInputEvents = YES;
				INFOPLIST_KEY_UILaunchStoryboardName = LaunchScreen;
				INFOPLIST_KEY_UIMainStoryboardFile = Main;
				INFOPLIST_KEY_UISupportedInterfaceOrientations_iPad = "UIInterfaceOrientationPortrait UIInterfaceOrientationPortraitUpsideDown UIInterfaceOrientationLandscapeLeft UIInterfaceOrientationLandscapeRight";
				INFOPLIST_KEY_UISupportedInterfaceOrientations_iPhone = "UIInterfaceOrientationPortrait UIInterfaceOrientationLandscapeLeft UIInterfaceOrientationLandscapeRight";
				LD_RUNPATH_SEARCH_PATHS = (
					"$(inherited)",
					"@executable_path/Frameworks",
				);
				MARKETING_VERSION = 1.0;
				PRODUCT_BUNDLE_IDENTIFIER = com.tatsuo.UICollectionViewDiffableDataSourceChangeDataSource;
				PRODUCT_NAME = "$(TARGET_NAME)";
				SWIFT_EMIT_LOC_STRINGS = YES;
				SWIFT_VERSION = 5.0;
				TARGETED_DEVICE_FAMILY = "1,2";
			};
			name = Release;
		};
/* End XCBuildConfiguration section */

/* Begin XCConfigurationList section */
		754E98092782E80400CB579B /* Build configuration list for PBXProject "UICollectionViewDiffableDataSourceChangeDataSource" */ = {
			isa = XCConfigurationList;
			buildConfigurations = (
				754E98202782E80500CB579B /* Debug */,
				754E98212782E80500CB579B /* Release */,
			);
			defaultConfigurationIsVisible = 0;
			defaultConfigurationName = Release;
		};
		754E98222782E80500CB579B /* Build configuration list for PBXNativeTarget "UICollectionViewDiffableDataSourceChangeDataSource" */ = {
			isa = XCConfigurationList;
			buildConfigurations = (
				754E98232782E80500CB579B /* Debug */,
				754E98242782E80500CB579B /* Release */,
			);
			defaultConfigurationIsVisible = 0;
			defaultConfigurationName = Release;
		};
/* End XCConfigurationList section */
	};
	rootObject = 754E98062782E80400CB579B /* Project object */;
}
